
Microsoft Visual Studio Solution File, Format Version 12.00
# Visual Studio Version 17
VisualStudioVersion = 17.9.34728.123
MinimumVisualStudioVersion = 10.0.40219.1
Project("{FAE04EC0-301F-11D3-BF4B-00C04F79EFBC}") = "PracticeApplication.Web", "PracticeApplication.Web\PracticeApplication.Web.csproj", "{FF616B7C-2D2B-451B-8523-97418579ECF6}"
EndProject
Global
	GlobalSection(SolutionConfigurationPlatforms) = preSolution
		Debug|Any CPU = Debug|Any CPU
		Release|Any CPU = Release|Any CPU
	EndGlobalSection
	GlobalSection(ProjectConfigurationPlatforms) = postSolution
		{FF616B7C-2D2B-451B-8523-97418579ECF6}.Debug|Any CPU.ActiveCfg = Debug|Any CPU
		{FF616B7C-2D2B-451B-8523-97418579ECF6}.Debug|Any CPU.Build.0 = Debug|Any CPU
		{FF616B7C-2D2B-451B-8523-97418579ECF6}.Release|Any CPU.ActiveCfg = Release|Any CPU
		{FF616B7C-2D2B-451B-8523-97418579ECF6}.Release|Any CPU.Build.0 = Release|Any CPU
	EndGlobalSection
	GlobalSection(SolutionProperties) = preSolution
		HideSolutionNode = FALSE
	EndGlobalSection
	GlobalSection(ExtensibilityGlobals) = postSolution
		SolutionGuid = {7BC6054F-A000-41FB-A236-4CFFD43742B7}
	EndGlobalSection
EndGlobal
